
Microsoft Visual Studio Solution File, Format Version 12.00
# Visual Studio 2012
Project("{FAE04EC0-301F-11D3-BF4B-00C04F79EFBC}") = "uri1007", "uri1007\uri1007.csproj", "{C07B575F-1611-47E7-8653-BCA160B57408}"
EndProject
Global
	GlobalSection(SolutionConfigurationPlatforms) = preSolution
		Debug|Any CPU = Debug|Any CPU
		Release|Any CPU = Release|Any CPU
	EndGlobalSection
	GlobalSection(ProjectConfigurationPlatforms) = postSolution
		{C07B575F-1611-47E7-8653-BCA160B57408}.Debug|Any CPU.ActiveCfg = Debug|Any CPU
		{C07B575F-1611-47E7-8653-BCA160B57408}.Debug|Any CPU.Build.0 = Debug|Any CPU
		{C07B575F-1611-47E7-8653-BCA160B57408}.Release|Any CPU.ActiveCfg = Release|Any CPU
		{C07B575F-1611-47E7-8653-BCA160B57408}.Release|Any CPU.Build.0 = Release|Any CPU
	EndGlobalSection
	GlobalSection(SolutionProperties) = preSolution
		HideSolutionNode = FALSE
	EndGlobalSection
EndGlobal
