
Microsoft Visual Studio Solution File, Format Version 12.00
# Visual Studio 2012
Project("{FAE04EC0-301F-11D3-BF4B-00C04F79EFBC}") = "uri1008", "uri1008\uri1008.csproj", "{534E32DB-B897-431C-BA8C-0477817C7544}"
EndProject
Global
	GlobalSection(SolutionConfigurationPlatforms) = preSolution
		Debug|Any CPU = Debug|Any CPU
		Release|Any CPU = Release|Any CPU
	EndGlobalSection
	GlobalSection(ProjectConfigurationPlatforms) = postSolution
		{534E32DB-B897-431C-BA8C-0477817C7544}.Debug|Any CPU.ActiveCfg = Debug|Any CPU
		{534E32DB-B897-431C-BA8C-0477817C7544}.Debug|Any CPU.Build.0 = Debug|Any CPU
		{534E32DB-B897-431C-BA8C-0477817C7544}.Release|Any CPU.ActiveCfg = Release|Any CPU
		{534E32DB-B897-431C-BA8C-0477817C7544}.Release|Any CPU.Build.0 = Release|Any CPU
	EndGlobalSection
	GlobalSection(SolutionProperties) = preSolution
		HideSolutionNode = FALSE
	EndGlobalSection
EndGlobal
